
Microsoft Visual Studio Solution File, Format Version 12.00
# Visual Studio Version 16
VisualStudioVersion = 16.0.31624.102
MinimumVisualStudioVersion = 10.0.40219.1
Project("{FAE04EC0-301F-11D3-BF4B-00C04F79EFBC}") = "Planeterne_take_2", "Planeterne_take_2\Planeterne_take_2.csproj", "{0D872FF4-59F6-4736-80F0-41F8D508B5BB}"
EndProject
Global
	GlobalSection(SolutionConfigurationPlatforms) = preSolution
		Debug|Any CPU = Debug|Any CPU
		Release|Any CPU = Release|Any CPU
	EndGlobalSection
	GlobalSection(ProjectConfigurationPlatforms) = postSolution
		{0D872FF4-59F6-4736-80F0-41F8D508B5BB}.Debug|Any CPU.ActiveCfg = Debug|Any CPU
		{0D872FF4-59F6-4736-80F0-41F8D508B5BB}.Debug|Any CPU.Build.0 = Debug|Any CPU
		{0D872FF4-59F6-4736-80F0-41F8D508B5BB}.Release|Any CPU.ActiveCfg = Release|Any CPU
		{0D872FF4-59F6-4736-80F0-41F8D508B5BB}.Release|Any CPU.Build.0 = Release|Any CPU
	EndGlobalSection
	GlobalSection(SolutionProperties) = preSolution
		HideSolutionNode = FALSE
	EndGlobalSection
	GlobalSection(ExtensibilityGlobals) = postSolution
		SolutionGuid = {812C7A4E-0FDD-40EC-9107-A7E4E8DA93C5}
	EndGlobalSection
EndGlobal
